
Microsoft Visual Studio Solution File, Format Version 12.00
# Visual Studio Version 16
VisualStudioVersion = 16.0.30804.86
MinimumVisualStudioVersion = 10.0.40219.1
Project("{FAE04EC0-301F-11D3-BF4B-00C04F79EFBC}") = "QMFreeze", "QMFreeze\QMFreeze.csproj", "{036E52EF-121F-4435-85C1-74181B2690F2}"
EndProject
Project("{FAE04EC0-301F-11D3-BF4B-00C04F79EFBC}") = "CalibrateConfirm", "CalibrateConfirm\CalibrateConfirm.csproj", "{203D7CCB-AEAE-499B-92EA-9C68C3DEC88E}"
EndProject
Project("{FAE04EC0-301F-11D3-BF4B-00C04F79EFBC}") = "UnmuteSound", "UnmuteSound\UnmuteSound.csproj", "{A8E5FACF-CBED-4DAB-8F85-0FBE5243D9ED}"
EndProject
Global
	GlobalSection(SolutionConfigurationPlatforms) = preSolution
		Debug|Any CPU = Debug|Any CPU
		Release|Any CPU = Release|Any CPU
	EndGlobalSection
	GlobalSection(ProjectConfigurationPlatforms) = postSolution
		{036E52EF-121F-4435-85C1-74181B2690F2}.Debug|Any CPU.ActiveCfg = Debug|Any CPU
		{036E52EF-121F-4435-85C1-74181B2690F2}.Debug|Any CPU.Build.0 = Debug|Any CPU
		{036E52EF-121F-4435-85C1-74181B2690F2}.Release|Any CPU.ActiveCfg = Release|Any CPU
		{036E52EF-121F-4435-85C1-74181B2690F2}.Release|Any CPU.Build.0 = Release|Any CPU
		{203D7CCB-AEAE-499B-92EA-9C68C3DEC88E}.Debug|Any CPU.ActiveCfg = Debug|Any CPU
		{203D7CCB-AEAE-499B-92EA-9C68C3DEC88E}.Debug|Any CPU.Build.0 = Debug|Any CPU
		{203D7CCB-AEAE-499B-92EA-9C68C3DEC88E}.Release|Any CPU.ActiveCfg = Release|Any CPU
		{203D7CCB-AEAE-499B-92EA-9C68C3DEC88E}.Release|Any CPU.Build.0 = Release|Any CPU
		{A8E5FACF-CBED-4DAB-8F85-0FBE5243D9ED}.Debug|Any CPU.ActiveCfg = Debug|Any CPU
		{A8E5FACF-CBED-4DAB-8F85-0FBE5243D9ED}.Debug|Any CPU.Build.0 = Debug|Any CPU
		{A8E5FACF-CBED-4DAB-8F85-0FBE5243D9ED}.Release|Any CPU.ActiveCfg = Release|Any CPU
		{A8E5FACF-CBED-4DAB-8F85-0FBE5243D9ED}.Release|Any CPU.Build.0 = Release|Any CPU
	EndGlobalSection
	GlobalSection(SolutionProperties) = preSolution
		HideSolutionNode = FALSE
	EndGlobalSection
	GlobalSection(ExtensibilityGlobals) = postSolution
		SolutionGuid = {A6526C38-9002-4CB3-8A7F-F24B4F1902F4}
	EndGlobalSection
EndGlobal
